{
  "name": "async",
  "version": "1.0.0",
  "lockfileVersion": 1,
  "requires": true,
  "dependencies": {
    "@es4x/create": {
      "version": "0.14.0",
      "resolved": "https://registry.npmjs.org/@es4x/create/-/create-0.14.0.tgz",
      "integrity": "sha512-PUnEfUCZWA1SJI9k4Ra4CXL/QDW9F3wzQhZY9jfIE5y+o54aI1xf2uDjkcwi/HJtRNC3RfON2EjS1i6j6FnpgA==",
      "dev": true
    },
    "@vertx/core": {
      "version": "4.0.3",
      "resolved": "https://registry.npmjs.org/@vertx/core/-/core-4.0.3.tgz",
      "integrity": "sha512-ex9+JHn3Sq3To8ilqYPV+j4zzTizNT2BoI0beJR1/GVSmHVAhk64GYUjIZFsuvNWjyod0+44TxtpuTMAGX/j+A=="
    },
    "@vertx/unit": {
      "version": "4.0.3",
      "resolved": "https://registry.npmjs.org/@vertx/unit/-/unit-4.0.3.tgz",
      "integrity": "sha512-V5COx9quwmb9trnEG/jCpD4HTs5ztUFAzVGHoksRyByYWeKS3Xzp6Yl0xaBwbIGM9prKDIPPFv5Iqzvx3bEFyg==",
      "dev": true,
      "requires": {
        "@vertx/core": "4.0.3"
      }
    }
  }
}
